{
  "requires": true,
  "lockfileVersion": 1,
  "dependencies": {
    "@simonwep/pickr": {
      "version": "1.4.7",
      "resolved": "https://registry.npmjs.org/@simonwep/pickr/-/pickr-1.4.7.tgz",
      "integrity": "sha512-dnx46+3KiZJ5YNXoWDdaOPLZGPCOFsFsa5uT3Eg+lYCUw8yZ+UxOGG9kEbUX+HgM35bJvAnOfq0l1qEr3CLVzw==",
      "requires": {
        "core-js": "^3.3.6"
      }
    },
    "core-js": {
      "version": "3.4.1",
      "resolved": "https://registry.npmjs.org/core-js/-/core-js-3.4.1.tgz",
      "integrity": "sha512-KX/dnuY/J8FtEwbnrzmAjUYgLqtk+cxM86hfG60LGiW3MmltIc2yAmDgBgEkfm0blZhUrdr1Zd84J2Y14mLxzg=="
    }
  }
}
